Microsoft Visual Studio Solution File, Format Version 11.00
# Visual Studio 2008

Project("{8BA310A3-495C-7F0F-5EB6-D09544BECE59}") = "MiningGame", "Assembly-CSharp.csproj", "{2C50CE74-F306-4C8A-4519-AC23C5118987}"
EndProject
Global
	GlobalSection(SolutionConfigurationPlatforms) = preSolution
		Debug|Any CPU = Debug|Any CPU
		Release|Any CPU = Release|Any CPU
	EndGlobalSection
	GlobalSection(ProjectConfigurationPlatforms) = postSolution
		{2C50CE74-F306-4C8A-4519-AC23C5118987}.Debug|Any CPU.ActiveCfg = Debug|Any CPU
		{2C50CE74-F306-4C8A-4519-AC23C5118987}.Debug|Any CPU.Build.0 = Debug|Any CPU
		{2C50CE74-F306-4C8A-4519-AC23C5118987}.Release|Any CPU.ActiveCfg = Release|Any CPU
		{2C50CE74-F306-4C8A-4519-AC23C5118987}.Release|Any CPU.Build.0 = Release|Any CPU
	EndGlobalSection
	GlobalSection(SolutionProperties) = preSolution
		HideSolutionNode = FALSE
	EndGlobalSection
	GlobalSection(MonoDevelopProperties) = preSolution
		StartupItem = Assembly-CSharp.csproj
	EndGlobalSection
EndGlobal
